
Microsoft Visual Studio Solution File, Format Version 12.00
# Visual Studio Version 17
VisualStudioVersion = 17.1.32328.378
MinimumVisualStudioVersion = 10.0.40219.1
Project("{9A19103F-16F7-4668-BE54-9A1E7A4F7556}") = "EShop.Web", "EShop.Web\EShop.Web.csproj", "{AC8410E8-552D-493B-81DF-B48109F267B8}"
EndProject
Project("{9A19103F-16F7-4668-BE54-9A1E7A4F7556}") = "EShop.DataLayer", "EShop.DataLayer\EShop.DataLayer.csproj", "{F64844E9-FB9C-4FC1-8802-A8184883EF16}"
EndProject
Project("{9A19103F-16F7-4668-BE54-9A1E7A4F7556}") = "EShop.Core", "EShop.Core\EShop.Core.csproj", "{9810167A-5F5A-4D8F-B074-EEBA4E0CC062}"
EndProject
Project("{9A19103F-16F7-4668-BE54-9A1E7A4F7556}") = "EShop.Logging", "EShop.Logging\EShop.Logging.csproj", "{193861B1-850B-4912-897A-1AB053C0D2D1}"
EndProject
Project("{9A19103F-16F7-4668-BE54-9A1E7A4F7556}") = "Eshop.WebApi", "Eshop.WebApi\Eshop.WebApi.csproj", "{490AB851-7C9C-4A99-B94E-DB26EC50D121}"
EndProject
Project("{9A19103F-16F7-4668-BE54-9A1E7A4F7556}") = "EShop.Admin", "EShop.Admin\EShop.Admin.csproj", "{BCDC1F53-5450-455E-A2BC-16F71C704C09}"
EndProject
Project("{9A19103F-16F7-4668-BE54-9A1E7A4F7556}") = "EShop.Media", "EShop.Media\EShop.Media.csproj", "{397040E7-37A9-455B-905F-12A4B2DE7079}"
EndProject
Project("{2150E333-8FDC-42A3-9474-1A3956D46DE8}") = "Commons", "Commons", "{AF614DEC-FC0F-4D2A-971E-82D5F39FFA93}"
EndProject
Project("{2150E333-8FDC-42A3-9474-1A3956D46DE8}") = "Core", "Core", "{77A88B5F-6628-4070-AE49-84CBB44358C5}"
EndProject
Project("{2150E333-8FDC-42A3-9474-1A3956D46DE8}") = "Infrastructures", "Infrastructures", "{D6DCEB34-4E5C-4F64-A179-8A98DF0D8517}"
EndProject
Project("{2150E333-8FDC-42A3-9474-1A3956D46DE8}") = "Presentation", "Presentation", "{32E889E1-E33D-4BC1-91C5-C191F37BA316}"
EndProject
Project("{9A19103F-16F7-4668-BE54-9A1E7A4F7556}") = "EShop.Common", "EShop.Common\EShop.Common.csproj", "{D7F69E34-FF15-433E-B39A-2D7C9AAC40FB}"
EndProject
Global
	GlobalSection(SolutionConfigurationPlatforms) = preSolution
		Debug|Any CPU = Debug|Any CPU
		Release|Any CPU = Release|Any CPU
	EndGlobalSection
	GlobalSection(ProjectConfigurationPlatforms) = postSolution
		{AC8410E8-552D-493B-81DF-B48109F267B8}.Debug|Any CPU.ActiveCfg = Debug|Any CPU
		{AC8410E8-552D-493B-81DF-B48109F267B8}.Debug|Any CPU.Build.0 = Debug|Any CPU
		{AC8410E8-552D-493B-81DF-B48109F267B8}.Release|Any CPU.ActiveCfg = Release|Any CPU
		{AC8410E8-552D-493B-81DF-B48109F267B8}.Release|Any CPU.Build.0 = Release|Any CPU
		{F64844E9-FB9C-4FC1-8802-A8184883EF16}.Debug|Any CPU.ActiveCfg = Debug|Any CPU
		{F64844E9-FB9C-4FC1-8802-A8184883EF16}.Debug|Any CPU.Build.0 = Debug|Any CPU
		{F64844E9-FB9C-4FC1-8802-A8184883EF16}.Release|Any CPU.ActiveCfg = Release|Any CPU
		{F64844E9-FB9C-4FC1-8802-A8184883EF16}.Release|Any CPU.Build.0 = Release|Any CPU
		{9810167A-5F5A-4D8F-B074-EEBA4E0CC062}.Debug|Any CPU.ActiveCfg = Debug|Any CPU
		{9810167A-5F5A-4D8F-B074-EEBA4E0CC062}.Debug|Any CPU.Build.0 = Debug|Any CPU
		{9810167A-5F5A-4D8F-B074-EEBA4E0CC062}.Release|Any CPU.ActiveCfg = Release|Any CPU
		{9810167A-5F5A-4D8F-B074-EEBA4E0CC062}.Release|Any CPU.Build.0 = Release|Any CPU
		{193861B1-850B-4912-897A-1AB053C0D2D1}.Debug|Any CPU.ActiveCfg = Debug|Any CPU
		{193861B1-850B-4912-897A-1AB053C0D2D1}.Debug|Any CPU.Build.0 = Debug|Any CPU
		{193861B1-850B-4912-897A-1AB053C0D2D1}.Release|Any CPU.ActiveCfg = Release|Any CPU
		{193861B1-850B-4912-897A-1AB053C0D2D1}.Release|Any CPU.Build.0 = Release|Any CPU
		{490AB851-7C9C-4A99-B94E-DB26EC50D121}.Debug|Any CPU.ActiveCfg = Debug|Any CPU
		{490AB851-7C9C-4A99-B94E-DB26EC50D121}.Debug|Any CPU.Build.0 = Debug|Any CPU
		{490AB851-7C9C-4A99-B94E-DB26EC50D121}.Release|Any CPU.ActiveCfg = Release|Any CPU
		{490AB851-7C9C-4A99-B94E-DB26EC50D121}.Release|Any CPU.Build.0 = Release|Any CPU
		{BCDC1F53-5450-455E-A2BC-16F71C704C09}.Debug|Any CPU.ActiveCfg = Debug|Any CPU
		{BCDC1F53-5450-455E-A2BC-16F71C704C09}.Debug|Any CPU.Build.0 = Debug|Any CPU
		{BCDC1F53-5450-455E-A2BC-16F71C704C09}.Release|Any CPU.ActiveCfg = Release|Any CPU
		{BCDC1F53-5450-455E-A2BC-16F71C704C09}.Release|Any CPU.Build.0 = Release|Any CPU
		{397040E7-37A9-455B-905F-12A4B2DE7079}.Debug|Any CPU.ActiveCfg = Debug|Any CPU
		{397040E7-37A9-455B-905F-12A4B2DE7079}.Debug|Any CPU.Build.0 = Debug|Any CPU
		{397040E7-37A9-455B-905F-12A4B2DE7079}.Release|Any CPU.ActiveCfg = Release|Any CPU
		{397040E7-37A9-455B-905F-12A4B2DE7079}.Release|Any CPU.Build.0 = Release|Any CPU
		{D7F69E34-FF15-433E-B39A-2D7C9AAC40FB}.Debug|Any CPU.ActiveCfg = Debug|Any CPU
		{D7F69E34-FF15-433E-B39A-2D7C9AAC40FB}.Debug|Any CPU.Build.0 = Debug|Any CPU
		{D7F69E34-FF15-433E-B39A-2D7C9AAC40FB}.Release|Any CPU.ActiveCfg = Release|Any CPU
		{D7F69E34-FF15-433E-B39A-2D7C9AAC40FB}.Release|Any CPU.Build.0 = Release|Any CPU
	EndGlobalSection
	GlobalSection(SolutionProperties) = preSolution
		HideSolutionNode = FALSE
	EndGlobalSection
	GlobalSection(NestedProjects) = preSolution
		{AC8410E8-552D-493B-81DF-B48109F267B8} = {32E889E1-E33D-4BC1-91C5-C191F37BA316}
		{F64844E9-FB9C-4FC1-8802-A8184883EF16} = {D6DCEB34-4E5C-4F64-A179-8A98DF0D8517}
		{9810167A-5F5A-4D8F-B074-EEBA4E0CC062} = {77A88B5F-6628-4070-AE49-84CBB44358C5}
		{193861B1-850B-4912-897A-1AB053C0D2D1} = {77A88B5F-6628-4070-AE49-84CBB44358C5}
		{490AB851-7C9C-4A99-B94E-DB26EC50D121} = {32E889E1-E33D-4BC1-91C5-C191F37BA316}
		{BCDC1F53-5450-455E-A2BC-16F71C704C09} = {32E889E1-E33D-4BC1-91C5-C191F37BA316}
		{397040E7-37A9-455B-905F-12A4B2DE7079} = {32E889E1-E33D-4BC1-91C5-C191F37BA316}
		{D7F69E34-FF15-433E-B39A-2D7C9AAC40FB} = {AF614DEC-FC0F-4D2A-971E-82D5F39FFA93}
	EndGlobalSection
	GlobalSection(ExtensibilityGlobals) = postSolution
		SolutionGuid = {2176A162-D2D5-4EE0-849D-F7E6DF441D4D}
	EndGlobalSection
EndGlobal
